<Solution>
  <Folder Name="/src/" />
  <Folder Name="/src/backend/">
    <Project Path="src/backend/Umbrello.Api/Umbrello.Api.csproj" />
    <Project Path="src/backend/Umbrello.Application/Umbrello.Application.csproj" />
    <Project Path="src/backend/Umbrello.Contracts/Umbrello.Contracts.csproj" />
    <Project Path="src/backend/Umbrello.Domain/Umbrello.Domain.csproj" />
    <Project Path="src/backend/Umbrello.Infrastructure/Umbrello.Infrastructure.csproj" />
    <Project Path="src/backend/Umbrello.Messaging.RabbitMq/Umbrello.Messaging.RabbitMq.csproj" />
    <Project Path="src/backend/Umbrello.MigrationService/Umbrello.MigrationService.csproj" />
    <Project Path="src/backend/Umbrello.Scheduler/Umbrello.Scheduler.csproj" />
    <Project Path="src/backend/Umbrello.Worker.Forecast/Umbrello.Worker.Forecast.csproj" />
    <Project Path="src/backend/Umbrello.Worker.Notifications/Umbrello.Worker.Notifications.csproj" />
  </Folder>
  <Folder Name="/tests/">
    <Project Path="tests/Umbrello.Api.IntegrationTests/Umbrello.Api.IntegrationTests.csproj" />
    <Project Path="tests/Umbrello.Application.Tests/Umbrello.Application.Tests.csproj" />
    <Project Path="tests/Umbrello.Architecture.Tests/Umbrello.Architecture.Tests.csproj" />
    <Project Path="tests/Umbrello.Domain.Tests/Umbrello.Domain.Tests.csproj" />
    <Project Path="tests/Umbrello.Infrastructure.IntegrationTests/Umbrello.Infrastructure.IntegrationTests.csproj" />
  </Folder>
</Solution>
